
Microsoft Visual Studio Solution File, Format Version 12.00
# Visual Studio Version 16
VisualStudioVersion = 16.0.31205.134
MinimumVisualStudioVersion = 10.0.40219.1
Project("{FAE04EC0-301F-11D3-BF4B-00C04F79EFBC}") = "1000-HelloWorld", "1000-HelloWorld\1000-HelloWorld.csproj", "{6404DC6E-D8F3-497D-AD43-CF5C88F42315}"
EndProject
Project("{FAE04EC0-301F-11D3-BF4B-00C04F79EFBC}") = "1001-Extremamente-Basico", "1001-Extremamente-Basico\1001-Extremamente-Basico.csproj", "{F74045D7-6A03-4AA5-A902-42A495E8BFFB}"
EndProject
Project("{FAE04EC0-301F-11D3-BF4B-00C04F79EFBC}") = "1002-Area-do-Circulo", "1002-Area-do-Circulo\1002-Area-do-Circulo.csproj", "{B1FEB262-FEC2-4929-892C-08D4720DE9CE}"
EndProject
Global
	GlobalSection(SolutionConfigurationPlatforms) = preSolution
		Debug|Any CPU = Debug|Any CPU
		Release|Any CPU = Release|Any CPU
	EndGlobalSection
	GlobalSection(ProjectConfigurationPlatforms) = postSolution
		{6404DC6E-D8F3-497D-AD43-CF5C88F42315}.Debug|Any CPU.ActiveCfg = Debug|Any CPU
		{6404DC6E-D8F3-497D-AD43-CF5C88F42315}.Debug|Any CPU.Build.0 = Debug|Any CPU
		{6404DC6E-D8F3-497D-AD43-CF5C88F42315}.Release|Any CPU.ActiveCfg = Release|Any CPU
		{6404DC6E-D8F3-497D-AD43-CF5C88F42315}.Release|Any CPU.Build.0 = Release|Any CPU
		{F74045D7-6A03-4AA5-A902-42A495E8BFFB}.Debug|Any CPU.ActiveCfg = Debug|Any CPU
		{F74045D7-6A03-4AA5-A902-42A495E8BFFB}.Debug|Any CPU.Build.0 = Debug|Any CPU
		{F74045D7-6A03-4AA5-A902-42A495E8BFFB}.Release|Any CPU.ActiveCfg = Release|Any CPU
		{F74045D7-6A03-4AA5-A902-42A495E8BFFB}.Release|Any CPU.Build.0 = Release|Any CPU
		{B1FEB262-FEC2-4929-892C-08D4720DE9CE}.Debug|Any CPU.ActiveCfg = Debug|Any CPU
		{B1FEB262-FEC2-4929-892C-08D4720DE9CE}.Debug|Any CPU.Build.0 = Debug|Any CPU
		{B1FEB262-FEC2-4929-892C-08D4720DE9CE}.Release|Any CPU.ActiveCfg = Release|Any CPU
		{B1FEB262-FEC2-4929-892C-08D4720DE9CE}.Release|Any CPU.Build.0 = Release|Any CPU
	EndGlobalSection
	GlobalSection(SolutionProperties) = preSolution
		HideSolutionNode = FALSE
	EndGlobalSection
	GlobalSection(ExtensibilityGlobals) = postSolution
		SolutionGuid = {CF5C2895-50B8-4B4B-9787-E7FE85C5B977}
	EndGlobalSection
EndGlobal
