
Microsoft Visual Studio Solution File, Format Version 12.00
# Visual Studio Version 16
VisualStudioVersion = 16.0.31205.134
MinimumVisualStudioVersion = 10.0.40219.1
Project("{9A19103F-16F7-4668-BE54-9A1E7A4F7556}") = "1000-HelloWorld", "1000-HelloWorld\1000-HelloWorld.csproj", "{6404DC6E-D8F3-497D-AD43-CF5C88F42315}"
EndProject
Project("{9A19103F-16F7-4668-BE54-9A1E7A4F7556}") = "1001-Extremamente-Basico", "1001-Extremamente-Basico\1001-Extremamente-Basico.csproj", "{F74045D7-6A03-4AA5-A902-42A495E8BFFB}"
EndProject
Project("{9A19103F-16F7-4668-BE54-9A1E7A4F7556}") = "1002-Area-do-Circulo", "1002-Area-do-Circulo\1002-Area-do-Circulo.csproj", "{B1FEB262-FEC2-4929-892C-08D4720DE9CE}"
EndProject
Project("{9A19103F-16F7-4668-BE54-9A1E7A4F7556}") = "1004-Produto-Simples", "1004-Produto-Simples\1004-Produto-Simples.csproj", "{0F8AF7F3-6A8C-4C3E-BFFF-7ED8A682DE42}"
EndProject
Project("{9A19103F-16F7-4668-BE54-9A1E7A4F7556}") = "1005-Media-1", "1005-Media-1\1005-Media-1.csproj", "{76D8C489-5452-453A-9518-EF271B7E65A0}"
EndProject
Project("{9A19103F-16F7-4668-BE54-9A1E7A4F7556}") = "1003-Soma-Simples", "1003-Soma-Simples\1003-Soma-Simples.csproj", "{2D3A90A3-F260-438F-8585-E58B4DBCBCDA}"
EndProject
Project("{9A19103F-16F7-4668-BE54-9A1E7A4F7556}") = "1006-Media-2", "1006-Media-2\1006-Media-2.csproj", "{7B6EAD7A-430F-4E9E-966C-5103AA9301AF}"
EndProject
Project("{9A19103F-16F7-4668-BE54-9A1E7A4F7556}") = "1007-Diferenca", "1007-Diferenca\1007-Diferenca.csproj", "{06A16E15-C017-42DD-B0B2-2A5277C9E8DF}"
EndProject
Project("{9A19103F-16F7-4668-BE54-9A1E7A4F7556}") = "1008-Salario", "1008-Salario\1008-Salario.csproj", "{A343D660-8C4A-4812-8DE3-6BE5F8E4839A}"
EndProject
Project("{9A19103F-16F7-4668-BE54-9A1E7A4F7556}") = "1009-Salario-com-bonus", "1009-Salario-com-bonus\1009-Salario-com-bonus.csproj", "{2D5CB1CD-E5A6-4A74-879F-15C2FFA5C7A5}"
EndProject
Project("{9A19103F-16F7-4668-BE54-9A1E7A4F7556}") = "1010-Calculo-simples", "1010-Calculo-simples\1010-Calculo-simples.csproj", "{09EE2BC8-551C-4C86-83F6-1BB25085ACEC}"
EndProject
Project("{9A19103F-16F7-4668-BE54-9A1E7A4F7556}") = "1011-Esfera", "1011-Esfera\1011-Esfera.csproj", "{3E983437-8C63-4301-BCF1-391D05C0F090}"
EndProject
Project("{9A19103F-16F7-4668-BE54-9A1E7A4F7556}") = "2159-Numero-Aproximado-de-Primos", "2159-Numero-Aproximado-de-Primos\2159-Numero-Aproximado-de-Primos.csproj", "{C6412CF8-FFA0-4E45-A835-7A6C3C367209}"
EndProject
Project("{9A19103F-16F7-4668-BE54-9A1E7A4F7556}") = "2396-Corrida", "2396-Corrida\2396-Corrida.csproj", "{FB0FE005-D0A0-4AC1-A2DD-EBFFB1945038}"
EndProject
Project("{9A19103F-16F7-4668-BE54-9A1E7A4F7556}") = "3004-Envelopes", "3004-Envelopes\3004-Envelopes.csproj", "{F4DDE6F2-F9E8-461F-8EE8-D13B6E73BDE6}"
EndProject
Project("{9A19103F-16F7-4668-BE54-9A1E7A4F7556}") = "2126-Procurando-Subsequencias", "2126-Procurando-Subsequencias\2126-Procurando-Subsequencias.csproj", "{2AF67D08-5A05-4C25-AE31-D49228DD61CE}"
EndProject
Project("{9A19103F-16F7-4668-BE54-9A1E7A4F7556}") = "3306-Consulta-e-Alteracao", "3306-Consulta-e-Alteracao\3306-Consulta-e-Alteracao.csproj", "{79154EF9-AEA6-4FB0-9661-46413FD328C5}"
EndProject
Project("{9A19103F-16F7-4668-BE54-9A1E7A4F7556}") = "3166-Procurando-Palavras-na-Diagonal-Principal", "3166-Procurando-Palavras-na-Diagonal-Principal\3166-Procurando-Palavras-na-Diagonal-Principal.csproj", "{0044780C-55E8-460D-A562-A4BD0E2D9561}"
EndProject
Project("{FAE04EC0-301F-11D3-BF4B-00C04F79EFBC}") = "3167-Procurando-Palavras-na-Diagonal-Secundaria", "3167-Procurando-Palavras-na-Diagonal-Secundaria\3167-Procurando-Palavras-na-Diagonal-Secundaria.csproj", "{191C23E1-F056-47D2-A9C2-6ED19B773D8B}"
EndProject
Global
	GlobalSection(SolutionConfigurationPlatforms) = preSolution
		Debug|Any CPU = Debug|Any CPU
		Release|Any CPU = Release|Any CPU
	EndGlobalSection
	GlobalSection(ProjectConfigurationPlatforms) = postSolution
		{6404DC6E-D8F3-497D-AD43-CF5C88F42315}.Debug|Any CPU.ActiveCfg = Debug|Any CPU
		{6404DC6E-D8F3-497D-AD43-CF5C88F42315}.Debug|Any CPU.Build.0 = Debug|Any CPU
		{6404DC6E-D8F3-497D-AD43-CF5C88F42315}.Release|Any CPU.ActiveCfg = Release|Any CPU
		{6404DC6E-D8F3-497D-AD43-CF5C88F42315}.Release|Any CPU.Build.0 = Release|Any CPU
		{F74045D7-6A03-4AA5-A902-42A495E8BFFB}.Debug|Any CPU.ActiveCfg = Debug|Any CPU
		{F74045D7-6A03-4AA5-A902-42A495E8BFFB}.Debug|Any CPU.Build.0 = Debug|Any CPU
		{F74045D7-6A03-4AA5-A902-42A495E8BFFB}.Release|Any CPU.ActiveCfg = Release|Any CPU
		{F74045D7-6A03-4AA5-A902-42A495E8BFFB}.Release|Any CPU.Build.0 = Release|Any CPU
		{B1FEB262-FEC2-4929-892C-08D4720DE9CE}.Debug|Any CPU.ActiveCfg = Debug|Any CPU
		{B1FEB262-FEC2-4929-892C-08D4720DE9CE}.Debug|Any CPU.Build.0 = Debug|Any CPU
		{B1FEB262-FEC2-4929-892C-08D4720DE9CE}.Release|Any CPU.ActiveCfg = Release|Any CPU
		{B1FEB262-FEC2-4929-892C-08D4720DE9CE}.Release|Any CPU.Build.0 = Release|Any CPU
		{0F8AF7F3-6A8C-4C3E-BFFF-7ED8A682DE42}.Debug|Any CPU.ActiveCfg = Debug|Any CPU
		{0F8AF7F3-6A8C-4C3E-BFFF-7ED8A682DE42}.Debug|Any CPU.Build.0 = Debug|Any CPU
		{0F8AF7F3-6A8C-4C3E-BFFF-7ED8A682DE42}.Release|Any CPU.ActiveCfg = Release|Any CPU
		{0F8AF7F3-6A8C-4C3E-BFFF-7ED8A682DE42}.Release|Any CPU.Build.0 = Release|Any CPU
		{76D8C489-5452-453A-9518-EF271B7E65A0}.Debug|Any CPU.ActiveCfg = Debug|Any CPU
		{76D8C489-5452-453A-9518-EF271B7E65A0}.Debug|Any CPU.Build.0 = Debug|Any CPU
		{76D8C489-5452-453A-9518-EF271B7E65A0}.Release|Any CPU.ActiveCfg = Release|Any CPU
		{76D8C489-5452-453A-9518-EF271B7E65A0}.Release|Any CPU.Build.0 = Release|Any CPU
		{2D3A90A3-F260-438F-8585-E58B4DBCBCDA}.Debug|Any CPU.ActiveCfg = Debug|Any CPU
		{2D3A90A3-F260-438F-8585-E58B4DBCBCDA}.Debug|Any CPU.Build.0 = Debug|Any CPU
		{2D3A90A3-F260-438F-8585-E58B4DBCBCDA}.Release|Any CPU.ActiveCfg = Release|Any CPU
		{2D3A90A3-F260-438F-8585-E58B4DBCBCDA}.Release|Any CPU.Build.0 = Release|Any CPU
		{7B6EAD7A-430F-4E9E-966C-5103AA9301AF}.Debug|Any CPU.ActiveCfg = Debug|Any CPU
		{7B6EAD7A-430F-4E9E-966C-5103AA9301AF}.Debug|Any CPU.Build.0 = Debug|Any CPU
		{7B6EAD7A-430F-4E9E-966C-5103AA9301AF}.Release|Any CPU.ActiveCfg = Release|Any CPU
		{7B6EAD7A-430F-4E9E-966C-5103AA9301AF}.Release|Any CPU.Build.0 = Release|Any CPU
		{06A16E15-C017-42DD-B0B2-2A5277C9E8DF}.Debug|Any CPU.ActiveCfg = Debug|Any CPU
		{06A16E15-C017-42DD-B0B2-2A5277C9E8DF}.Debug|Any CPU.Build.0 = Debug|Any CPU
		{06A16E15-C017-42DD-B0B2-2A5277C9E8DF}.Release|Any CPU.ActiveCfg = Release|Any CPU
		{06A16E15-C017-42DD-B0B2-2A5277C9E8DF}.Release|Any CPU.Build.0 = Release|Any CPU
		{A343D660-8C4A-4812-8DE3-6BE5F8E4839A}.Debug|Any CPU.ActiveCfg = Debug|Any CPU
		{A343D660-8C4A-4812-8DE3-6BE5F8E4839A}.Debug|Any CPU.Build.0 = Debug|Any CPU
		{A343D660-8C4A-4812-8DE3-6BE5F8E4839A}.Release|Any CPU.ActiveCfg = Release|Any CPU
		{A343D660-8C4A-4812-8DE3-6BE5F8E4839A}.Release|Any CPU.Build.0 = Release|Any CPU
		{2D5CB1CD-E5A6-4A74-879F-15C2FFA5C7A5}.Debug|Any CPU.ActiveCfg = Debug|Any CPU
		{2D5CB1CD-E5A6-4A74-879F-15C2FFA5C7A5}.Debug|Any CPU.Build.0 = Debug|Any CPU
		{2D5CB1CD-E5A6-4A74-879F-15C2FFA5C7A5}.Release|Any CPU.ActiveCfg = Release|Any CPU
		{2D5CB1CD-E5A6-4A74-879F-15C2FFA5C7A5}.Release|Any CPU.Build.0 = Release|Any CPU
		{09EE2BC8-551C-4C86-83F6-1BB25085ACEC}.Debug|Any CPU.ActiveCfg = Debug|Any CPU
		{09EE2BC8-551C-4C86-83F6-1BB25085ACEC}.Debug|Any CPU.Build.0 = Debug|Any CPU
		{09EE2BC8-551C-4C86-83F6-1BB25085ACEC}.Release|Any CPU.ActiveCfg = Release|Any CPU
		{09EE2BC8-551C-4C86-83F6-1BB25085ACEC}.Release|Any CPU.Build.0 = Release|Any CPU
		{3E983437-8C63-4301-BCF1-391D05C0F090}.Debug|Any CPU.ActiveCfg = Debug|Any CPU
		{3E983437-8C63-4301-BCF1-391D05C0F090}.Debug|Any CPU.Build.0 = Debug|Any CPU
		{3E983437-8C63-4301-BCF1-391D05C0F090}.Release|Any CPU.ActiveCfg = Release|Any CPU
		{3E983437-8C63-4301-BCF1-391D05C0F090}.Release|Any CPU.Build.0 = Release|Any CPU
		{C6412CF8-FFA0-4E45-A835-7A6C3C367209}.Debug|Any CPU.ActiveCfg = Debug|Any CPU
		{C6412CF8-FFA0-4E45-A835-7A6C3C367209}.Debug|Any CPU.Build.0 = Debug|Any CPU
		{C6412CF8-FFA0-4E45-A835-7A6C3C367209}.Release|Any CPU.ActiveCfg = Release|Any CPU
		{C6412CF8-FFA0-4E45-A835-7A6C3C367209}.Release|Any CPU.Build.0 = Release|Any CPU
		{FB0FE005-D0A0-4AC1-A2DD-EBFFB1945038}.Debug|Any CPU.ActiveCfg = Debug|Any CPU
		{FB0FE005-D0A0-4AC1-A2DD-EBFFB1945038}.Debug|Any CPU.Build.0 = Debug|Any CPU
		{FB0FE005-D0A0-4AC1-A2DD-EBFFB1945038}.Release|Any CPU.ActiveCfg = Release|Any CPU
		{FB0FE005-D0A0-4AC1-A2DD-EBFFB1945038}.Release|Any CPU.Build.0 = Release|Any CPU
		{F4DDE6F2-F9E8-461F-8EE8-D13B6E73BDE6}.Debug|Any CPU.ActiveCfg = Debug|Any CPU
		{F4DDE6F2-F9E8-461F-8EE8-D13B6E73BDE6}.Debug|Any CPU.Build.0 = Debug|Any CPU
		{F4DDE6F2-F9E8-461F-8EE8-D13B6E73BDE6}.Release|Any CPU.ActiveCfg = Release|Any CPU
		{F4DDE6F2-F9E8-461F-8EE8-D13B6E73BDE6}.Release|Any CPU.Build.0 = Release|Any CPU
		{2AF67D08-5A05-4C25-AE31-D49228DD61CE}.Debug|Any CPU.ActiveCfg = Debug|Any CPU
		{2AF67D08-5A05-4C25-AE31-D49228DD61CE}.Debug|Any CPU.Build.0 = Debug|Any CPU
		{2AF67D08-5A05-4C25-AE31-D49228DD61CE}.Release|Any CPU.ActiveCfg = Release|Any CPU
		{2AF67D08-5A05-4C25-AE31-D49228DD61CE}.Release|Any CPU.Build.0 = Release|Any CPU
		{79154EF9-AEA6-4FB0-9661-46413FD328C5}.Debug|Any CPU.ActiveCfg = Debug|Any CPU
		{79154EF9-AEA6-4FB0-9661-46413FD328C5}.Debug|Any CPU.Build.0 = Debug|Any CPU
		{79154EF9-AEA6-4FB0-9661-46413FD328C5}.Release|Any CPU.ActiveCfg = Release|Any CPU
		{79154EF9-AEA6-4FB0-9661-46413FD328C5}.Release|Any CPU.Build.0 = Release|Any CPU
		{0044780C-55E8-460D-A562-A4BD0E2D9561}.Debug|Any CPU.ActiveCfg = Debug|Any CPU
		{0044780C-55E8-460D-A562-A4BD0E2D9561}.Debug|Any CPU.Build.0 = Debug|Any CPU
		{0044780C-55E8-460D-A562-A4BD0E2D9561}.Release|Any CPU.ActiveCfg = Release|Any CPU
		{0044780C-55E8-460D-A562-A4BD0E2D9561}.Release|Any CPU.Build.0 = Release|Any CPU
		{191C23E1-F056-47D2-A9C2-6ED19B773D8B}.Debug|Any CPU.ActiveCfg = Debug|Any CPU
		{191C23E1-F056-47D2-A9C2-6ED19B773D8B}.Debug|Any CPU.Build.0 = Debug|Any CPU
		{191C23E1-F056-47D2-A9C2-6ED19B773D8B}.Release|Any CPU.ActiveCfg = Release|Any CPU
		{191C23E1-F056-47D2-A9C2-6ED19B773D8B}.Release|Any CPU.Build.0 = Release|Any CPU
	EndGlobalSection
	GlobalSection(SolutionProperties) = preSolution
		HideSolutionNode = FALSE
	EndGlobalSection
	GlobalSection(ExtensibilityGlobals) = postSolution
		SolutionGuid = {CF5C2895-50B8-4B4B-9787-E7FE85C5B977}
	EndGlobalSection
EndGlobal
