
Microsoft Visual Studio Solution File, Format Version 12.00
# Visual Studio Version 16
VisualStudioVersion = 16.0.31205.134
MinimumVisualStudioVersion = 10.0.40219.1
Project("{9A19103F-16F7-4668-BE54-9A1E7A4F7556}") = "01-ByteBank", "01-ByteBank\01-ByteBank.csproj", "{AB1D4074-7DA9-45C4-998A-BEAF636631C5}"
EndProject
Project("{9A19103F-16F7-4668-BE54-9A1E7A4F7556}") = "02-ByteBank", "02-ByteBank\02-ByteBank.csproj", "{7AD86A71-A8E5-47D3-BBC3-97AFD5F070C5}"
EndProject
Project("{9A19103F-16F7-4668-BE54-9A1E7A4F7556}") = "03-ByteBank", "03-ByteBank\03-ByteBank.csproj", "{13C368DD-3041-4178-A99E-CD7CC7D7001C}"
EndProject
Project("{9A19103F-16F7-4668-BE54-9A1E7A4F7556}") = "04-ByteBank", "04-ByteBank\04-ByteBank.csproj", "{E067EF7F-4662-42FE-AB69-0B8CB9D7465D}"
EndProject
Project("{FAE04EC0-301F-11D3-BF4B-00C04F79EFBC}") = "05-ByteBank", "05-ByteBank\05-ByteBank.csproj", "{BD5BC599-C1B0-43D7-ADF2-D5A2B2EADE21}"
EndProject
Project("{FAE04EC0-301F-11D3-BF4B-00C04F79EFBC}") = "06-ByteBank", "06-ByteBank\06-ByteBank.csproj", "{E697D340-DEA9-408A-91F0-514C3898E8BB}"
EndProject
Project("{FAE04EC0-301F-11D3-BF4B-00C04F79EFBC}") = "07-ByteBank", "07-ByteBank\07-ByteBank.csproj", "{3ECF4F82-5453-45E5-945F-7893F45D81C7}"
EndProject
Global
	GlobalSection(SolutionConfigurationPlatforms) = preSolution
		Debug|Any CPU = Debug|Any CPU
		Release|Any CPU = Release|Any CPU
	EndGlobalSection
	GlobalSection(ProjectConfigurationPlatforms) = postSolution
		{AB1D4074-7DA9-45C4-998A-BEAF636631C5}.Debug|Any CPU.ActiveCfg = Debug|Any CPU
		{AB1D4074-7DA9-45C4-998A-BEAF636631C5}.Debug|Any CPU.Build.0 = Debug|Any CPU
		{AB1D4074-7DA9-45C4-998A-BEAF636631C5}.Release|Any CPU.ActiveCfg = Release|Any CPU
		{AB1D4074-7DA9-45C4-998A-BEAF636631C5}.Release|Any CPU.Build.0 = Release|Any CPU
		{7AD86A71-A8E5-47D3-BBC3-97AFD5F070C5}.Debug|Any CPU.ActiveCfg = Debug|Any CPU
		{7AD86A71-A8E5-47D3-BBC3-97AFD5F070C5}.Debug|Any CPU.Build.0 = Debug|Any CPU
		{7AD86A71-A8E5-47D3-BBC3-97AFD5F070C5}.Release|Any CPU.ActiveCfg = Release|Any CPU
		{7AD86A71-A8E5-47D3-BBC3-97AFD5F070C5}.Release|Any CPU.Build.0 = Release|Any CPU
		{13C368DD-3041-4178-A99E-CD7CC7D7001C}.Debug|Any CPU.ActiveCfg = Debug|Any CPU
		{13C368DD-3041-4178-A99E-CD7CC7D7001C}.Debug|Any CPU.Build.0 = Debug|Any CPU
		{13C368DD-3041-4178-A99E-CD7CC7D7001C}.Release|Any CPU.ActiveCfg = Release|Any CPU
		{13C368DD-3041-4178-A99E-CD7CC7D7001C}.Release|Any CPU.Build.0 = Release|Any CPU
		{E067EF7F-4662-42FE-AB69-0B8CB9D7465D}.Debug|Any CPU.ActiveCfg = Debug|Any CPU
		{E067EF7F-4662-42FE-AB69-0B8CB9D7465D}.Debug|Any CPU.Build.0 = Debug|Any CPU
		{E067EF7F-4662-42FE-AB69-0B8CB9D7465D}.Release|Any CPU.ActiveCfg = Release|Any CPU
		{E067EF7F-4662-42FE-AB69-0B8CB9D7465D}.Release|Any CPU.Build.0 = Release|Any CPU
		{BD5BC599-C1B0-43D7-ADF2-D5A2B2EADE21}.Debug|Any CPU.ActiveCfg = Debug|Any CPU
		{BD5BC599-C1B0-43D7-ADF2-D5A2B2EADE21}.Debug|Any CPU.Build.0 = Debug|Any CPU
		{BD5BC599-C1B0-43D7-ADF2-D5A2B2EADE21}.Release|Any CPU.ActiveCfg = Release|Any CPU
		{BD5BC599-C1B0-43D7-ADF2-D5A2B2EADE21}.Release|Any CPU.Build.0 = Release|Any CPU
		{E697D340-DEA9-408A-91F0-514C3898E8BB}.Debug|Any CPU.ActiveCfg = Debug|Any CPU
		{E697D340-DEA9-408A-91F0-514C3898E8BB}.Debug|Any CPU.Build.0 = Debug|Any CPU
		{E697D340-DEA9-408A-91F0-514C3898E8BB}.Release|Any CPU.ActiveCfg = Release|Any CPU
		{E697D340-DEA9-408A-91F0-514C3898E8BB}.Release|Any CPU.Build.0 = Release|Any CPU
		{3ECF4F82-5453-45E5-945F-7893F45D81C7}.Debug|Any CPU.ActiveCfg = Debug|Any CPU
		{3ECF4F82-5453-45E5-945F-7893F45D81C7}.Debug|Any CPU.Build.0 = Debug|Any CPU
		{3ECF4F82-5453-45E5-945F-7893F45D81C7}.Release|Any CPU.ActiveCfg = Release|Any CPU
		{3ECF4F82-5453-45E5-945F-7893F45D81C7}.Release|Any CPU.Build.0 = Release|Any CPU
	EndGlobalSection
	GlobalSection(SolutionProperties) = preSolution
		HideSolutionNode = FALSE
	EndGlobalSection
	GlobalSection(ExtensibilityGlobals) = postSolution
		SolutionGuid = {5BC27CA4-B866-485B-9B50-BDBAE7625E3F}
	EndGlobalSection
EndGlobal
