
Microsoft Visual Studio Solution File, Format Version 12.00
# Visual Studio Version 16
VisualStudioVersion = 16.0.31205.134
MinimumVisualStudioVersion = 10.0.40219.1
Project("{FAE04EC0-301F-11D3-BF4B-00C04F79EFBC}") = "01-ByteBank", "01-ByteBank\01-ByteBank.csproj", "{AB1D4074-7DA9-45C4-998A-BEAF636631C5}"
EndProject
Project("{FAE04EC0-301F-11D3-BF4B-00C04F79EFBC}") = "02-ByteBank", "02-ByteBank\02-ByteBank.csproj", "{7AD86A71-A8E5-47D3-BBC3-97AFD5F070C5}"
EndProject
Project("{FAE04EC0-301F-11D3-BF4B-00C04F79EFBC}") = "03-ByteBank", "03-ByteBank\03-ByteBank.csproj", "{13C368DD-3041-4178-A99E-CD7CC7D7001C}"
EndProject
Project("{FAE04EC0-301F-11D3-BF4B-00C04F79EFBC}") = "04-ByteBank", "04-ByteBank\04-ByteBank.csproj", "{E067EF7F-4662-42FE-AB69-0B8CB9D7465D}"
EndProject
Global
	GlobalSection(SolutionConfigurationPlatforms) = preSolution
		Debug|Any CPU = Debug|Any CPU
		Release|Any CPU = Release|Any CPU
	EndGlobalSection
	GlobalSection(ProjectConfigurationPlatforms) = postSolution
		{AB1D4074-7DA9-45C4-998A-BEAF636631C5}.Debug|Any CPU.ActiveCfg = Debug|Any CPU
		{AB1D4074-7DA9-45C4-998A-BEAF636631C5}.Debug|Any CPU.Build.0 = Debug|Any CPU
		{AB1D4074-7DA9-45C4-998A-BEAF636631C5}.Release|Any CPU.ActiveCfg = Release|Any CPU
		{AB1D4074-7DA9-45C4-998A-BEAF636631C5}.Release|Any CPU.Build.0 = Release|Any CPU
		{7AD86A71-A8E5-47D3-BBC3-97AFD5F070C5}.Debug|Any CPU.ActiveCfg = Debug|Any CPU
		{7AD86A71-A8E5-47D3-BBC3-97AFD5F070C5}.Debug|Any CPU.Build.0 = Debug|Any CPU
		{7AD86A71-A8E5-47D3-BBC3-97AFD5F070C5}.Release|Any CPU.ActiveCfg = Release|Any CPU
		{7AD86A71-A8E5-47D3-BBC3-97AFD5F070C5}.Release|Any CPU.Build.0 = Release|Any CPU
		{13C368DD-3041-4178-A99E-CD7CC7D7001C}.Debug|Any CPU.ActiveCfg = Debug|Any CPU
		{13C368DD-3041-4178-A99E-CD7CC7D7001C}.Debug|Any CPU.Build.0 = Debug|Any CPU
		{13C368DD-3041-4178-A99E-CD7CC7D7001C}.Release|Any CPU.ActiveCfg = Release|Any CPU
		{13C368DD-3041-4178-A99E-CD7CC7D7001C}.Release|Any CPU.Build.0 = Release|Any CPU
		{E067EF7F-4662-42FE-AB69-0B8CB9D7465D}.Debug|Any CPU.ActiveCfg = Debug|Any CPU
		{E067EF7F-4662-42FE-AB69-0B8CB9D7465D}.Debug|Any CPU.Build.0 = Debug|Any CPU
		{E067EF7F-4662-42FE-AB69-0B8CB9D7465D}.Release|Any CPU.ActiveCfg = Release|Any CPU
		{E067EF7F-4662-42FE-AB69-0B8CB9D7465D}.Release|Any CPU.Build.0 = Release|Any CPU
	EndGlobalSection
	GlobalSection(SolutionProperties) = preSolution
		HideSolutionNode = FALSE
	EndGlobalSection
	GlobalSection(ExtensibilityGlobals) = postSolution
		SolutionGuid = {5BC27CA4-B866-485B-9B50-BDBAE7625E3F}
	EndGlobalSection
EndGlobal
