
Microsoft Visual Studio Solution File, Format Version 12.00
Project("{FAE04EC0-301F-11D3-BF4B-00C04F79EFBC}") = "ByteBank.SitemaInterno", "ByteBank.SitemaInterno\ByteBank.SitemaInterno.csproj", "{F61C6B9B-A68E-4318-B753-E2EA5F0A1A5A}"
EndProject
Global
	GlobalSection(SolutionConfigurationPlatforms) = preSolution
		Debug|Any CPU = Debug|Any CPU
		Release|Any CPU = Release|Any CPU
	EndGlobalSection
	GlobalSection(ProjectConfigurationPlatforms) = postSolution
		{F61C6B9B-A68E-4318-B753-E2EA5F0A1A5A}.Debug|Any CPU.ActiveCfg = Debug|Any CPU
		{F61C6B9B-A68E-4318-B753-E2EA5F0A1A5A}.Debug|Any CPU.Build.0 = Debug|Any CPU
		{F61C6B9B-A68E-4318-B753-E2EA5F0A1A5A}.Release|Any CPU.ActiveCfg = Release|Any CPU
		{F61C6B9B-A68E-4318-B753-E2EA5F0A1A5A}.Release|Any CPU.Build.0 = Release|Any CPU
	EndGlobalSection
EndGlobal
