
Microsoft Visual Studio Solution File, Format Version 12.00
# Visual Studio Version 16
VisualStudioVersion = 16.0.31205.134
MinimumVisualStudioVersion = 10.0.40219.1
Project("{FAE04EC0-301F-11D3-BF4B-00C04F79EFBC}") = "WpfEx000", "WpfEx000\WpfEx000.csproj", "{383BCA70-EC72-4520-9F0C-858492BFCDC1}"
EndProject
Global
	GlobalSection(SolutionConfigurationPlatforms) = preSolution
		Debug|Any CPU = Debug|Any CPU
		Release|Any CPU = Release|Any CPU
	EndGlobalSection
	GlobalSection(ProjectConfigurationPlatforms) = postSolution
		{383BCA70-EC72-4520-9F0C-858492BFCDC1}.Debug|Any CPU.ActiveCfg = Debug|Any CPU
		{383BCA70-EC72-4520-9F0C-858492BFCDC1}.Debug|Any CPU.Build.0 = Debug|Any CPU
		{383BCA70-EC72-4520-9F0C-858492BFCDC1}.Release|Any CPU.ActiveCfg = Release|Any CPU
		{383BCA70-EC72-4520-9F0C-858492BFCDC1}.Release|Any CPU.Build.0 = Release|Any CPU
	EndGlobalSection
	GlobalSection(SolutionProperties) = preSolution
		HideSolutionNode = FALSE
	EndGlobalSection
	GlobalSection(ExtensibilityGlobals) = postSolution
		SolutionGuid = {27163FB8-B104-46E9-B42A-536D67AC8AFE}
	EndGlobalSection
EndGlobal
